
Microsoft Visual Studio Solution File, Format Version 12.00
# Visual Studio 15
VisualStudioVersion = 15.0.27703.2035
MinimumVisualStudioVersion = 10.0.40219.1
Project("{FAE04EC0-301F-11D3-BF4B-00C04F79EFBC}") = "WebApi", "WebApi\WebApi.csproj", "{D7AA589F-309D-4F04-BD08-0698DE7DC16E}"
EndProject
Project("{FAE04EC0-301F-11D3-BF4B-00C04F79EFBC}") = "ConsoleClient", "ConsoleClient\ConsoleClient.csproj", "{E124977F-D531-4CA5-8848-FAB8993C583A}"
EndProject
Project("{D954291E-2A0B-460D-934E-DC6B0785DB48}") = "SharedModels", "SharedModels\SharedModels.shproj", "{D2AAF275-0D5B-4081-A8B5-E9E9D20EB28C}"
EndProject
Global
	GlobalSection(SharedMSBuildProjectFiles) = preSolution
		SharedModels\SharedModels.projitems*{d2aaf275-0d5b-4081-a8b5-e9e9d20eb28c}*SharedItemsImports = 13
	EndGlobalSection
	GlobalSection(SolutionConfigurationPlatforms) = preSolution
		Debug|Any CPU = Debug|Any CPU
		Release|Any CPU = Release|Any CPU
	EndGlobalSection
	GlobalSection(ProjectConfigurationPlatforms) = postSolution
		{D7AA589F-309D-4F04-BD08-0698DE7DC16E}.Debug|Any CPU.ActiveCfg = Debug|Any CPU
		{D7AA589F-309D-4F04-BD08-0698DE7DC16E}.Debug|Any CPU.Build.0 = Debug|Any CPU
		{D7AA589F-309D-4F04-BD08-0698DE7DC16E}.Release|Any CPU.ActiveCfg = Release|Any CPU
		{D7AA589F-309D-4F04-BD08-0698DE7DC16E}.Release|Any CPU.Build.0 = Release|Any CPU
		{E124977F-D531-4CA5-8848-FAB8993C583A}.Debug|Any CPU.ActiveCfg = Debug|Any CPU
		{E124977F-D531-4CA5-8848-FAB8993C583A}.Debug|Any CPU.Build.0 = Debug|Any CPU
		{E124977F-D531-4CA5-8848-FAB8993C583A}.Release|Any CPU.ActiveCfg = Release|Any CPU
		{E124977F-D531-4CA5-8848-FAB8993C583A}.Release|Any CPU.Build.0 = Release|Any CPU
	EndGlobalSection
	GlobalSection(SolutionProperties) = preSolution
		HideSolutionNode = FALSE
	EndGlobalSection
	GlobalSection(ExtensibilityGlobals) = postSolution
		SolutionGuid = {0A79ED03-3913-42D4-88E8-C0F55D81FC3D}
	EndGlobalSection
EndGlobal
